
Microsoft Visual Studio Solution File, Format Version 12.00
# Visual Studio Version 17
VisualStudioVersion = 17.11.35327.3
MinimumVisualStudioVersion = 10.0.40219.1
Project("{9A19103F-16F7-4668-BE54-9A1E7A4F7556}") = "AdventOfCode", "AdventOfCode\AdventOfCode.csproj", "{E30AE390-60A1-4300-8BF0-8E300BFFF107}"
EndProject
Project("{9A19103F-16F7-4668-BE54-9A1E7A4F7556}") = "Day1", "Day1\Day1.csproj", "{8777C435-E919-43A4-ABFD-769572523563}"
EndProject
Project("{9A19103F-16F7-4668-BE54-9A1E7A4F7556}") = "Day2", "Day2\Day2.csproj", "{63778DC8-02A6-40FD-BB0E-9C387E6A163F}"
EndProject
Project("{9A19103F-16F7-4668-BE54-9A1E7A4F7556}") = "Day3", "Day3\Day3.csproj", "{80E66F48-C6E4-4066-A24A-A7E9365604CD}"
EndProject
Project("{9A19103F-16F7-4668-BE54-9A1E7A4F7556}") = "Day4", "Day4\Day4.csproj", "{C1CB499C-7CEC-495F-A203-DBE65A82FA9C}"
EndProject
Project("{9A19103F-16F7-4668-BE54-9A1E7A4F7556}") = "FileManager", "FileManager\FileManager.csproj", "{3FFD8665-07EF-4D0E-8E83-5E058C708803}"
EndProject
Project("{9A19103F-16F7-4668-BE54-9A1E7A4F7556}") = "DaysFactory", "DaysFactory\DaysFactory.csproj", "{1FEFFAD3-3DF4-47E1-AE93-30E275187175}"
EndProject
Project("{2150E333-8FDC-42A3-9474-1A3956D46DE8}") = "Days", "Days", "{AC8D4348-9FF0-4BB0-84DC-E7CAE4968F6B}"
EndProject
Project("{2150E333-8FDC-42A3-9474-1A3956D46DE8}") = "Utils", "Utils", "{51FF6A02-33E5-414B-98FA-F8DBB34C0DBE}"
EndProject
Project("{9A19103F-16F7-4668-BE54-9A1E7A4F7556}") = "Common", "Common\Common.csproj", "{65F3E08E-9968-401D-927D-B7C9A7EEC912}"
EndProject
Project("{FAE04EC0-301F-11D3-BF4B-00C04F79EFBC}") = "BaseDay", "BaseDay\BaseDay.csproj", "{FE017D47-B226-43B6-BB02-B35E897899D7}"
EndProject
Global
	GlobalSection(SolutionConfigurationPlatforms) = preSolution
		Debug|Any CPU = Debug|Any CPU
		Release|Any CPU = Release|Any CPU
	EndGlobalSection
	GlobalSection(ProjectConfigurationPlatforms) = postSolution
		{E30AE390-60A1-4300-8BF0-8E300BFFF107}.Debug|Any CPU.ActiveCfg = Debug|Any CPU
		{E30AE390-60A1-4300-8BF0-8E300BFFF107}.Debug|Any CPU.Build.0 = Debug|Any CPU
		{E30AE390-60A1-4300-8BF0-8E300BFFF107}.Release|Any CPU.ActiveCfg = Release|Any CPU
		{E30AE390-60A1-4300-8BF0-8E300BFFF107}.Release|Any CPU.Build.0 = Release|Any CPU
		{8777C435-E919-43A4-ABFD-769572523563}.Debug|Any CPU.ActiveCfg = Debug|Any CPU
		{8777C435-E919-43A4-ABFD-769572523563}.Debug|Any CPU.Build.0 = Debug|Any CPU
		{8777C435-E919-43A4-ABFD-769572523563}.Release|Any CPU.ActiveCfg = Release|Any CPU
		{8777C435-E919-43A4-ABFD-769572523563}.Release|Any CPU.Build.0 = Release|Any CPU
		{63778DC8-02A6-40FD-BB0E-9C387E6A163F}.Debug|Any CPU.ActiveCfg = Debug|Any CPU
		{63778DC8-02A6-40FD-BB0E-9C387E6A163F}.Debug|Any CPU.Build.0 = Debug|Any CPU
		{63778DC8-02A6-40FD-BB0E-9C387E6A163F}.Release|Any CPU.ActiveCfg = Release|Any CPU
		{63778DC8-02A6-40FD-BB0E-9C387E6A163F}.Release|Any CPU.Build.0 = Release|Any CPU
		{80E66F48-C6E4-4066-A24A-A7E9365604CD}.Debug|Any CPU.ActiveCfg = Debug|Any CPU
		{80E66F48-C6E4-4066-A24A-A7E9365604CD}.Debug|Any CPU.Build.0 = Debug|Any CPU
		{80E66F48-C6E4-4066-A24A-A7E9365604CD}.Release|Any CPU.ActiveCfg = Release|Any CPU
		{80E66F48-C6E4-4066-A24A-A7E9365604CD}.Release|Any CPU.Build.0 = Release|Any CPU
		{C1CB499C-7CEC-495F-A203-DBE65A82FA9C}.Debug|Any CPU.ActiveCfg = Debug|Any CPU
		{C1CB499C-7CEC-495F-A203-DBE65A82FA9C}.Debug|Any CPU.Build.0 = Debug|Any CPU
		{C1CB499C-7CEC-495F-A203-DBE65A82FA9C}.Release|Any CPU.ActiveCfg = Release|Any CPU
		{C1CB499C-7CEC-495F-A203-DBE65A82FA9C}.Release|Any CPU.Build.0 = Release|Any CPU
		{3FFD8665-07EF-4D0E-8E83-5E058C708803}.Debug|Any CPU.ActiveCfg = Debug|Any CPU
		{3FFD8665-07EF-4D0E-8E83-5E058C708803}.Debug|Any CPU.Build.0 = Debug|Any CPU
		{3FFD8665-07EF-4D0E-8E83-5E058C708803}.Release|Any CPU.ActiveCfg = Release|Any CPU
		{3FFD8665-07EF-4D0E-8E83-5E058C708803}.Release|Any CPU.Build.0 = Release|Any CPU
		{1FEFFAD3-3DF4-47E1-AE93-30E275187175}.Debug|Any CPU.ActiveCfg = Debug|Any CPU
		{1FEFFAD3-3DF4-47E1-AE93-30E275187175}.Debug|Any CPU.Build.0 = Debug|Any CPU
		{1FEFFAD3-3DF4-47E1-AE93-30E275187175}.Release|Any CPU.ActiveCfg = Release|Any CPU
		{1FEFFAD3-3DF4-47E1-AE93-30E275187175}.Release|Any CPU.Build.0 = Release|Any CPU
		{65F3E08E-9968-401D-927D-B7C9A7EEC912}.Debug|Any CPU.ActiveCfg = Debug|Any CPU
		{65F3E08E-9968-401D-927D-B7C9A7EEC912}.Debug|Any CPU.Build.0 = Debug|Any CPU
		{65F3E08E-9968-401D-927D-B7C9A7EEC912}.Release|Any CPU.ActiveCfg = Release|Any CPU
		{65F3E08E-9968-401D-927D-B7C9A7EEC912}.Release|Any CPU.Build.0 = Release|Any CPU
		{FE017D47-B226-43B6-BB02-B35E897899D7}.Debug|Any CPU.ActiveCfg = Debug|Any CPU
		{FE017D47-B226-43B6-BB02-B35E897899D7}.Debug|Any CPU.Build.0 = Debug|Any CPU
		{FE017D47-B226-43B6-BB02-B35E897899D7}.Release|Any CPU.ActiveCfg = Release|Any CPU
		{FE017D47-B226-43B6-BB02-B35E897899D7}.Release|Any CPU.Build.0 = Release|Any CPU
	EndGlobalSection
	GlobalSection(SolutionProperties) = preSolution
		HideSolutionNode = FALSE
	EndGlobalSection
	GlobalSection(NestedProjects) = preSolution
		{8777C435-E919-43A4-ABFD-769572523563} = {AC8D4348-9FF0-4BB0-84DC-E7CAE4968F6B}
		{63778DC8-02A6-40FD-BB0E-9C387E6A163F} = {AC8D4348-9FF0-4BB0-84DC-E7CAE4968F6B}
		{80E66F48-C6E4-4066-A24A-A7E9365604CD} = {AC8D4348-9FF0-4BB0-84DC-E7CAE4968F6B}
		{C1CB499C-7CEC-495F-A203-DBE65A82FA9C} = {AC8D4348-9FF0-4BB0-84DC-E7CAE4968F6B}
		{3FFD8665-07EF-4D0E-8E83-5E058C708803} = {51FF6A02-33E5-414B-98FA-F8DBB34C0DBE}
		{65F3E08E-9968-401D-927D-B7C9A7EEC912} = {51FF6A02-33E5-414B-98FA-F8DBB34C0DBE}
		{FE017D47-B226-43B6-BB02-B35E897899D7} = {AC8D4348-9FF0-4BB0-84DC-E7CAE4968F6B}
	EndGlobalSection
	GlobalSection(ExtensibilityGlobals) = postSolution
		SolutionGuid = {658AF7C1-B94E-44EB-BF22-0CB691ED797D}
	EndGlobalSection
EndGlobal
